
Microsoft Visual Studio Solution File, Format Version 12.00
Project("{FAE04EC0-301F-11D3-BF4B-00C04F79EFBC}") = "LinqExample", "LinqExample\LinqExample.csproj", "{8B0611F2-2D29-4106-88D5-A53F5B879F9F}"
EndProject
Project("{FAE04EC0-301F-11D3-BF4B-00C04F79EFBC}") = "EFCoreDemo", "EFCoreDemo\EFCoreDemo.csproj", "{DC14EF92-3497-461A-9D5A-875DD8A71C1F}"
EndProject
Project("{FAE04EC0-301F-11D3-BF4B-00C04F79EFBC}") = "FileIO", "FileIO\FileIO.csproj", "{83BDD639-63FC-4FBF-936F-2E4A991A7412}"
EndProject
Project("{FAE04EC0-301F-11D3-BF4B-00C04F79EFBC}") = "AsyncAwaitExample", "AsyncAwaitExample\AsyncAwaitExample.csproj", "{CAE04BDF-E42F-4646-ABBD-63C9654052A6}"
EndProject
Global
	GlobalSection(SolutionConfigurationPlatforms) = preSolution
		Debug|Any CPU = Debug|Any CPU
		Release|Any CPU = Release|Any CPU
	EndGlobalSection
	GlobalSection(ProjectConfigurationPlatforms) = postSolution
		{8B0611F2-2D29-4106-88D5-A53F5B879F9F}.Debug|Any CPU.ActiveCfg = Debug|Any CPU
		{8B0611F2-2D29-4106-88D5-A53F5B879F9F}.Debug|Any CPU.Build.0 = Debug|Any CPU
		{8B0611F2-2D29-4106-88D5-A53F5B879F9F}.Release|Any CPU.ActiveCfg = Release|Any CPU
		{8B0611F2-2D29-4106-88D5-A53F5B879F9F}.Release|Any CPU.Build.0 = Release|Any CPU
		{DC14EF92-3497-461A-9D5A-875DD8A71C1F}.Debug|Any CPU.ActiveCfg = Debug|Any CPU
		{DC14EF92-3497-461A-9D5A-875DD8A71C1F}.Debug|Any CPU.Build.0 = Debug|Any CPU
		{DC14EF92-3497-461A-9D5A-875DD8A71C1F}.Release|Any CPU.ActiveCfg = Release|Any CPU
		{DC14EF92-3497-461A-9D5A-875DD8A71C1F}.Release|Any CPU.Build.0 = Release|Any CPU
		{83BDD639-63FC-4FBF-936F-2E4A991A7412}.Debug|Any CPU.ActiveCfg = Debug|Any CPU
		{83BDD639-63FC-4FBF-936F-2E4A991A7412}.Debug|Any CPU.Build.0 = Debug|Any CPU
		{83BDD639-63FC-4FBF-936F-2E4A991A7412}.Release|Any CPU.ActiveCfg = Release|Any CPU
		{83BDD639-63FC-4FBF-936F-2E4A991A7412}.Release|Any CPU.Build.0 = Release|Any CPU
		{CAE04BDF-E42F-4646-ABBD-63C9654052A6}.Debug|Any CPU.ActiveCfg = Debug|Any CPU
		{CAE04BDF-E42F-4646-ABBD-63C9654052A6}.Debug|Any CPU.Build.0 = Debug|Any CPU
		{CAE04BDF-E42F-4646-ABBD-63C9654052A6}.Release|Any CPU.ActiveCfg = Release|Any CPU
		{CAE04BDF-E42F-4646-ABBD-63C9654052A6}.Release|Any CPU.Build.0 = Release|Any CPU
	EndGlobalSection
EndGlobal
